
Microsoft Visual Studio Solution File, Format Version 12.00
# Visual Studio Version 16
VisualStudioVersion = 16.0.32929.386
MinimumVisualStudioVersion = 10.0.40219.1
Project("{FAE04EC0-301F-11D3-BF4B-00C04F79EFBC}") = "Scp_Map", "Scp_Map.csproj", "{18FA4966-A766-4275-BE0A-A2B39CBE266F}"
EndProject
Global
	GlobalSection(SolutionConfigurationPlatforms) = preSolution
		Debug|Any CPU = Debug|Any CPU
		Release|Any CPU = Release|Any CPU
	EndGlobalSection
	GlobalSection(ProjectConfigurationPlatforms) = postSolution
		{18FA4966-A766-4275-BE0A-A2B39CBE266F}.Debug|Any CPU.ActiveCfg = Debug|Any CPU
		{18FA4966-A766-4275-BE0A-A2B39CBE266F}.Debug|Any CPU.Build.0 = Debug|Any CPU
		{18FA4966-A766-4275-BE0A-A2B39CBE266F}.Release|Any CPU.ActiveCfg = Release|Any CPU
		{18FA4966-A766-4275-BE0A-A2B39CBE266F}.Release|Any CPU.Build.0 = Release|Any CPU
	EndGlobalSection
	GlobalSection(SolutionProperties) = preSolution
		HideSolutionNode = FALSE
	EndGlobalSection
	GlobalSection(ExtensibilityGlobals) = postSolution
		SolutionGuid = {F7FDC8DA-05E7-4D98-B6CC-9176D1634010}
	EndGlobalSection
EndGlobal
